
Microsoft Visual Studio Solution File, Format Version 12.00
# Visual Studio 15
VisualStudioVersion = 15.0.27703.2000
MinimumVisualStudioVersion = 10.0.40219.1
Project("{FAE04EC0-301F-11D3-BF4B-00C04F79EFBC}") = "RestApi", "RestApi\RestApi.csproj", "{926C85F0-DBCA-4DF0-8C29-50BAA131C8A7}"
EndProject
Project("{FAE04EC0-301F-11D3-BF4B-00C04F79EFBC}") = "RestApi.Tests", "RestApi.Tests\RestApi.Tests.csproj", "{C163BF91-C8A9-482E-B323-3192F2BCC629}"
EndProject
Global
	GlobalSection(SolutionConfigurationPlatforms) = preSolution
		Debug|Any CPU = Debug|Any CPU
		Release|Any CPU = Release|Any CPU
	EndGlobalSection
	GlobalSection(ProjectConfigurationPlatforms) = postSolution
		{926C85F0-DBCA-4DF0-8C29-50BAA131C8A7}.Debug|Any CPU.ActiveCfg = Debug|Any CPU
		{926C85F0-DBCA-4DF0-8C29-50BAA131C8A7}.Debug|Any CPU.Build.0 = Debug|Any CPU
		{926C85F0-DBCA-4DF0-8C29-50BAA131C8A7}.Release|Any CPU.ActiveCfg = Release|Any CPU
		{926C85F0-DBCA-4DF0-8C29-50BAA131C8A7}.Release|Any CPU.Build.0 = Release|Any CPU
		{C163BF91-C8A9-482E-B323-3192F2BCC629}.Debug|Any CPU.ActiveCfg = Debug|Any CPU
		{C163BF91-C8A9-482E-B323-3192F2BCC629}.Debug|Any CPU.Build.0 = Debug|Any CPU
		{C163BF91-C8A9-482E-B323-3192F2BCC629}.Release|Any CPU.ActiveCfg = Release|Any CPU
		{C163BF91-C8A9-482E-B323-3192F2BCC629}.Release|Any CPU.Build.0 = Release|Any CPU
	EndGlobalSection
	GlobalSection(SolutionProperties) = preSolution
		HideSolutionNode = FALSE
	EndGlobalSection
	GlobalSection(ExtensibilityGlobals) = postSolution
		SolutionGuid = {8335132C-4E2E-4514-AE85-47576A702D72}
	EndGlobalSection
EndGlobal
